
Microsoft Visual Studio Solution File, Format Version 12.00
Project("{FAE04EC0-301F-11D3-BF4B-00C04F79EFBC}") = "SharpIDE", "SharpIDE\SharpIDE\SharpIDE.csproj", "{321E57FD-DDAA-4D1A-9F50-845390BFE1F0}"
EndProject
Project("{FAE04EC0-301F-11D3-BF4B-00C04F79EFBC}") = "SharpIDE.Gtk", "SharpIDE\SharpIDE.Gtk\SharpIDE.Gtk.csproj", "{068A56DE-282C-45E9-8595-2BC19EE03E8A}"
EndProject
Project("{FAE04EC0-301F-11D3-BF4B-00C04F79EFBC}") = "SharpIDE.Mac", "SharpIDE\SharpIDE.Mac\SharpIDE.Mac.csproj", "{A6F88E1A-22B0-44DB-ADDC-A546EA5A3235}"
EndProject
Project("{FAE04EC0-301F-11D3-BF4B-00C04F79EFBC}") = "SharpIDE.Wpf", "SharpIDE\SharpIDE.Wpf\SharpIDE.Wpf.csproj", "{4D130918-1820-4816-80AE-660B257954FE}"
EndProject
Global
	GlobalSection(SolutionConfigurationPlatforms) = preSolution
		Debug|Any CPU = Debug|Any CPU
		Release|Any CPU = Release|Any CPU
	EndGlobalSection
	GlobalSection(ProjectConfigurationPlatforms) = postSolution
		{321E57FD-DDAA-4D1A-9F50-845390BFE1F0}.Debug|Any CPU.ActiveCfg = Debug|Any CPU
		{321E57FD-DDAA-4D1A-9F50-845390BFE1F0}.Debug|Any CPU.Build.0 = Debug|Any CPU
		{321E57FD-DDAA-4D1A-9F50-845390BFE1F0}.Release|Any CPU.ActiveCfg = Release|Any CPU
		{321E57FD-DDAA-4D1A-9F50-845390BFE1F0}.Release|Any CPU.Build.0 = Release|Any CPU
		{068A56DE-282C-45E9-8595-2BC19EE03E8A}.Debug|Any CPU.ActiveCfg = Debug|Any CPU
		{068A56DE-282C-45E9-8595-2BC19EE03E8A}.Debug|Any CPU.Build.0 = Debug|Any CPU
		{068A56DE-282C-45E9-8595-2BC19EE03E8A}.Release|Any CPU.ActiveCfg = Release|Any CPU
		{068A56DE-282C-45E9-8595-2BC19EE03E8A}.Release|Any CPU.Build.0 = Release|Any CPU
		{A6F88E1A-22B0-44DB-ADDC-A546EA5A3235}.Debug|Any CPU.ActiveCfg = Debug|Any CPU
		{A6F88E1A-22B0-44DB-ADDC-A546EA5A3235}.Debug|Any CPU.Build.0 = Debug|Any CPU
		{A6F88E1A-22B0-44DB-ADDC-A546EA5A3235}.Debug|Any CPU.Deploy.0 = Debug|Any CPU
		{A6F88E1A-22B0-44DB-ADDC-A546EA5A3235}.Release|Any CPU.ActiveCfg = Release|Any CPU
		{A6F88E1A-22B0-44DB-ADDC-A546EA5A3235}.Release|Any CPU.Build.0 = Release|Any CPU
		{A6F88E1A-22B0-44DB-ADDC-A546EA5A3235}.Release|Any CPU.Deploy.0 = Release|Any CPU
		{4D130918-1820-4816-80AE-660B257954FE}.Debug|Any CPU.ActiveCfg = Debug|Any CPU
		{4D130918-1820-4816-80AE-660B257954FE}.Debug|Any CPU.Build.0 = Debug|Any CPU
		{4D130918-1820-4816-80AE-660B257954FE}.Release|Any CPU.ActiveCfg = Release|Any CPU
		{4D130918-1820-4816-80AE-660B257954FE}.Release|Any CPU.Build.0 = Release|Any CPU
	EndGlobalSection
EndGlobal
